
Microsoft Visual Studio Solution File, Format Version 12.00
# Visual Studio 15
Project("{FAE04EC0-301F-11D3-BF4B-00C04F79EFBC}") = "VuforiaScripts", "VuforiaScripts.csproj", "{E264FF4E-2D21-373C-F4BB-741181F54F78}"
EndProject
Project("{FAE04EC0-301F-11D3-BF4B-00C04F79EFBC}") = "Assembly-CSharp", "Assembly-CSharp.csproj", "{AB174433-25B2-AF66-7767-6F9DF6EF90A8}"
EndProject
Project("{FAE04EC0-301F-11D3-BF4B-00C04F79EFBC}") = "VuforiaEditorScripts", "VuforiaEditorScripts.csproj", "{CFEBF179-4DC6-1DC7-B568-27187BE4ECF8}"
EndProject
Global
	GlobalSection(SolutionConfigurationPlatforms) = preSolution
		Debug|Any CPU = Debug|Any CPU
		Release|Any CPU = Release|Any CPU
	EndGlobalSection
	GlobalSection(ProjectConfigurationPlatforms) = postSolution
		{E264FF4E-2D21-373C-F4BB-741181F54F78}.Debug|Any CPU.ActiveCfg = Debug|Any CPU
		{E264FF4E-2D21-373C-F4BB-741181F54F78}.Debug|Any CPU.Build.0 = Debug|Any CPU
		{E264FF4E-2D21-373C-F4BB-741181F54F78}.Release|Any CPU.ActiveCfg = Release|Any CPU
		{E264FF4E-2D21-373C-F4BB-741181F54F78}.Release|Any CPU.Build.0 = Release|Any CPU
		{AB174433-25B2-AF66-7767-6F9DF6EF90A8}.Debug|Any CPU.ActiveCfg = Debug|Any CPU
		{AB174433-25B2-AF66-7767-6F9DF6EF90A8}.Debug|Any CPU.Build.0 = Debug|Any CPU
		{AB174433-25B2-AF66-7767-6F9DF6EF90A8}.Release|Any CPU.ActiveCfg = Release|Any CPU
		{AB174433-25B2-AF66-7767-6F9DF6EF90A8}.Release|Any CPU.Build.0 = Release|Any CPU
		{CFEBF179-4DC6-1DC7-B568-27187BE4ECF8}.Debug|Any CPU.ActiveCfg = Debug|Any CPU
		{CFEBF179-4DC6-1DC7-B568-27187BE4ECF8}.Debug|Any CPU.Build.0 = Debug|Any CPU
		{CFEBF179-4DC6-1DC7-B568-27187BE4ECF8}.Release|Any CPU.ActiveCfg = Release|Any CPU
		{CFEBF179-4DC6-1DC7-B568-27187BE4ECF8}.Release|Any CPU.Build.0 = Release|Any CPU
	EndGlobalSection
	GlobalSection(SolutionProperties) = preSolution
		HideSolutionNode = FALSE
	EndGlobalSection
EndGlobal
